// !$*UTF8*$!
{
	archiveVersion = 1;
	classes = {
	};
	objectVersion = 50;
	objects = {

/* Begin PBXBuildFile section */
		030CD54A230D103900DA90BA /* AppDelegate.swift in Sources */ = {isa = PBXBuildFile; fileRef = 030CD549230D103900DA90BA /* AppDelegate.swift */; };
		030CD54C230D103900DA90BA /* ViewController.swift in Sources */ = {isa = PBXBuildFile; fileRef = 030CD54B230D103900DA90BA /* ViewController.swift */; };
		030CD54F230D103900DA90BA /* Main.storyboard in Resources */ = {isa = PBXBuildFile; fileRef = 030CD54D230D103900DA90BA /* Main.storyboard */; };
		030CD551230D103A00DA90BA /* Assets.xcassets in Resources */ = {isa = PBXBuildFile; fileRef = 030CD550230D103A00DA90BA /* Assets.xcassets */; };
		030CD554230D103A00DA90BA /* LaunchScreen.storyboard in Resources */ = {isa = PBXBuildFile; fileRef = 030CD552230D103A00DA90BA /* LaunchScreen.storyboard */; };
		030CD55C230D107100DA90BA /* Fish.swift in Sources */ = {isa = PBXBuildFile; fileRef = 030CD55B230D107100DA90BA /* Fish.swift */; };
		030CD55E230D1AB800DA90BA /* NextViewController.swift in Sources */ = {isa = PBXBuildFile; fileRef = 030CD55D230D1AB800DA90BA /* NextViewController.swift */; };
		030CD560230D28A000DA90BA /* SelectionView.swift in Sources */ = {isa = PBXBuildFile; fileRef = 030CD55F230D28A000DA90BA /* SelectionView.swift */; };
/* End PBXBuildFile section */

/* Begin PBXFileReference section */
		030CD546230D103900DA90BA /* MemoryManagementPractice.app */ = {isa = PBXFileReference; explicitFileType = wrapper.application; includeInIndex = 0; path = MemoryManagementPractice.app; sourceTree = BUILT_PRODUCTS_DIR; };
		030CD549230D103900DA90BA /* AppDelegate.swift */ = {isa = PBXFileReference; lastKnownFileType = sourcecode.swift; path = AppDelegate.swift; sourceTree = "<group>"; };
		030CD54B230D103900DA90BA /* ViewController.swift */ = {isa = PBXFileReference; lastKnownFileType = sourcecode.swift; path = ViewController.swift; sourceTree = "<group>"; };
		030CD54E230D103900DA90BA /* Base */ = {isa = PBXFileReference; lastKnownFileType = file.storyboard; name = Base; path = Base.lproj/Main.storyboard; sourceTree = "<group>"; };
		030CD550230D103A00DA90BA /* Assets.xcassets */ = {isa = PBXFileReference; lastKnownFileType = folder.assetcatalog; path = Assets.xcassets; sourceTree = "<group>"; };
		030CD553230D103A00DA90BA /* Base */ = {isa = PBXFileReference; lastKnownFileType = file.storyboard; name = Base; path = Base.lproj/LaunchScreen.storyboard; sourceTree = "<group>"; };
		030CD555230D103A00DA90BA /* Info.plist */ = {isa = PBXFileReference; lastKnownFileType = text.plist.xml; path = Info.plist; sourceTree = "<group>"; };
		030CD55B230D107100DA90BA /* Fish.swift */ = {isa = PBXFileReference; lastKnownFileType = sourcecode.swift; path = Fish.swift; sourceTree = "<group>"; };
		030CD55D230D1AB800DA90BA /* NextViewController.swift */ = {isa = PBXFileReference; lastKnownFileType = sourcecode.swift; path = NextViewController.swift; sourceTree = "<group>"; };
		030CD55F230D28A000DA90BA /* SelectionView.swift */ = {isa = PBXFileReference; lastKnownFileType = sourcecode.swift; path = SelectionView.swift; sourceTree = "<group>"; };
/* End PBXFileReference section */

/* Begin PBXFrameworksBuildPhase section */
		030CD543230D103900DA90BA /* Frameworks */ = {
			isa = PBXFrameworksBuildPhase;
			buildActionMask = 2147483647;
			files = (
			);
			runOnlyForDeploymentPostprocessing = 0;
		};
/* End PBXFrameworksBuildPhase section */

/* Begin PBXGroup section */
		030CD53D230D103900DA90BA = {
			isa = PBXGroup;
			children = (
				030CD548230D103900DA90BA /* MemoryManagementPractice */,
				030CD547230D103900DA90BA /* Products */,
			);
			sourceTree = "<group>";
		};
		030CD547230D103900DA90BA /* Products */ = {
			isa = PBXGroup;
			children = (
				030CD546230D103900DA90BA /* MemoryManagementPractice.app */,
			);
			name = Products;
			sourceTree = "<group>";
		};
		030CD548230D103900DA90BA /* MemoryManagementPractice */ = {
			isa = PBXGroup;
			children = (
				030CD549230D103900DA90BA /* AppDelegate.swift */,
				030CD54B230D103900DA90BA /* ViewController.swift */,
				030CD55D230D1AB800DA90BA /* NextViewController.swift */,
				030CD55F230D28A000DA90BA /* SelectionView.swift */,
				030CD55B230D107100DA90BA /* Fish.swift */,
				030CD54D230D103900DA90BA /* Main.storyboard */,
				030CD550230D103A00DA90BA /* Assets.xcassets */,
				030CD552230D103A00DA90BA /* LaunchScreen.storyboard */,
				030CD555230D103A00DA90BA /* Info.plist */,
			);
			path = MemoryManagementPractice;
			sourceTree = "<group>";
		};
/* End PBXGroup section */

/* Begin PBXNativeTarget section */
		030CD545230D103900DA90BA /* MemoryManagementPractice */ = {
			isa = PBXNativeTarget;
			buildConfigurationList = 030CD558230D103A00DA90BA /* Build configuration list for PBXNativeTarget "MemoryManagementPractice" */;
			buildPhases = (
				030CD542230D103900DA90BA /* Sources */,
				030CD543230D103900DA90BA /* Frameworks */,
				030CD544230D103900DA90BA /* Resources */,
			);
			buildRules = (
			);
			dependencies = (
			);
			name = MemoryManagementPractice;
			productName = MemoryManagementPractice;
			productReference = 030CD546230D103900DA90BA /* MemoryManagementPractice.app */;
			productType = "com.apple.product-type.application";
		};
/* End PBXNativeTarget section */

/* Begin PBXProject section */
		030CD53E230D103900DA90BA /* Project object */ = {
			isa = PBXProject;
			attributes = {
				LastSwiftUpdateCheck = 1020;
				LastUpgradeCheck = 1020;
				ORGANIZATIONNAME = "Sylvia Jia Fen ";
				TargetAttributes = {
					030CD545230D103900DA90BA = {
						CreatedOnToolsVersion = 10.2.1;
					};
				};
			};
			buildConfigurationList = 030CD541230D103900DA90BA /* Build configuration list for PBXProject "MemoryManagementPractice" */;
			compatibilityVersion = "Xcode 9.3";
			developmentRegion = en;
			hasScannedForEncodings = 0;
			knownRegions = (
				en,
				Base,
			);
			mainGroup = 030CD53D230D103900DA90BA;
			productRefGroup = 030CD547230D103900DA90BA /* Products */;
			projectDirPath = "";
			projectRoot = "";
			targets = (
				030CD545230D103900DA90BA /* MemoryManagementPractice */,
			);
		};
/* End PBXProject section */

/* Begin PBXResourcesBuildPhase section */
		030CD544230D103900DA90BA /* Resources */ = {
			isa = PBXResourcesBuildPhase;
			buildActionMask = 2147483647;
			files = (
				030CD554230D103A00DA90BA /* LaunchScreen.storyboard in Resources */,
				030CD551230D103A00DA90BA /* Assets.xcassets in Resources */,
				030CD54F230D103900DA90BA /* Main.storyboard in Resources */,
			);
			runOnlyForDeploymentPostprocessing = 0;
		};
/* End PBXResourcesBuildPhase section */

/* Begin PBXSourcesBuildPhase section */
		030CD542230D103900DA90BA /* Sources */ = {
			isa = PBXSourcesBuildPhase;
			buildActionMask = 2147483647;
			files = (
				030CD55C230D107100DA90BA /* Fish.swift in Sources */,
				030CD55E230D1AB800DA90BA /* NextViewController.swift in Sources */,
				030CD54C230D103900DA90BA /* ViewController.swift in Sources */,
				030CD54A230D103900DA90BA /* AppDelegate.swift in Sources */,
				030CD560230D28A000DA90BA /* SelectionView.swift in Sources */,
			);
			runOnlyForDeploymentPostprocessing = 0;
		};
/* End PBXSourcesBuildPhase section */

/* Begin PBXVariantGroup section */
		030CD54D230D103900DA90BA /* Main.storyboard */ = {
			isa = PBXVariantGroup;
			children = (
				030CD54E230D103900DA90BA /* Base */,
			);
			name = Main.storyboard;
			sourceTree = "<group>";
		};
		030CD552230D103A00DA90BA /* LaunchScreen.storyboard */ = {
			isa = PBXVariantGroup;
			children = (
				030CD553230D103A00DA90BA /* Base */,
			);
			name = LaunchScreen.storyboard;
			sourceTree = "<group>";
		};
/* End PBXVariantGroup section */

/* Begin XCBuildConfiguration section */
		030CD556230D103A00DA90BA /* Debug */ = {
			isa = XCBuildConfiguration;
			buildSettings = {
				ALWAYS_SEARCH_USER_PATHS = NO;
				CLANG_ANALYZER_NONNULL = YES;
				CLANG_ANALYZER_NUMBER_OBJECT_CONVERSION = YES_AGGRESSIVE;
				CLANG_CXX_LANGUAGE_STANDARD = "gnu++14";
				CLANG_CXX_LIBRARY = "libc++";
				CLANG_ENABLE_MODULES = YES;
				CLANG_ENABLE_OBJC_ARC = YES;
				CLANG_ENABLE_OBJC_WEAK = YES;
				CLANG_WARN_BLOCK_CAPTURE_AUTORELEASING = YES;
				CLANG_WARN_BOOL_CONVERSION = YES;
				CLANG_WARN_COMMA = YES;
				CLANG_WARN_CONSTANT_CONVERSION = YES;
				CLANG_WARN_DEPRECATED_OBJC_IMPLEMENTATIONS = YES;
				CLANG_WARN_DIRECT_OBJC_ISA_USAGE = YES_ERROR;
				CLANG_WARN_DOCUMENTATION_COMMENTS = YES;
				CLANG_WARN_EMPTY_BODY = YES;
				CLANG_WARN_ENUM_CONVERSION = YES;
				CLANG_WARN_INFINITE_RECURSION = YES;
				CLANG_WARN_INT_CONVERSION = YES;
				CLANG_WARN_NON_LITERAL_NULL_CONVERSION = YES;
				CLANG_WARN_OBJC_IMPLICIT_RETAIN_SELF = YES;
				CLANG_WARN_OBJC_LITERAL_CONVERSION = YES;
				CLANG_WARN_OBJC_ROOT_CLASS = YES_ERROR;
				CLANG_WARN_RANGE_LOOP_ANALYSIS = YES;
				CLANG_WARN_STRICT_PROTOTYPES = YES;
				CLANG_WARN_SUSPICIOUS_MOVE = YES;
				CLANG_WARN_UNGUARDED_AVAILABILITY = YES_AGGRESSIVE;
				CLANG_WARN_UNREACHABLE_CODE = YES;
				CLANG_WARN__DUPLICATE_METHOD_MATCH = YES;
				CODE_SIGN_IDENTITY = "iPhone Developer";
				COPY_PHASE_STRIP = NO;
				DEBUG_INFORMATION_FORMAT = dwarf;
				ENABLE_STRICT_OBJC_MSGSEND = YES;
				ENABLE_TESTABILITY = YES;
				GCC_C_LANGUAGE_STANDARD = gnu11;
				GCC_DYNAMIC_NO_PIC = NO;
				GCC_NO_COMMON_BLOCKS = YES;
				GCC_OPTIMIZATION_LEVEL = 0;
				GCC_PREPROCESSOR_DEFINITIONS = (
					"DEBUG=1",
					"$(inherited)",
				);
				GCC_WARN_64_TO_32_BIT_CONVERSION = YES;
				GCC_WARN_ABOUT_RETURN_TYPE = YES_ERROR;
				GCC_WARN_UNDECLARED_SELECTOR = YES;
				GCC_WARN_UNINITIALIZED_AUTOS = YES_AGGRESSIVE;
				GCC_WARN_UNUSED_FUNCTION = YES;
				GCC_WARN_UNUSED_VARIABLE = YES;
				IPHONEOS_DEPLOYMENT_TARGET = 12.2;
				MTL_ENABLE_DEBUG_INFO = INCLUDE_SOURCE;
				MTL_FAST_MATH = YES;
				ONLY_ACTIVE_ARCH = YES;
				SDKROOT = iphoneos;
				SWIFT_ACTIVE_COMPILATION_CONDITIONS = DEBUG;
				SWIFT_OPTIMIZATION_LEVEL = "-Onone";
			};
			name = Debug;
		};
		030CD557230D103A00DA90BA /* Release */ = {
			isa = XCBuildConfiguration;
			buildSettings = {
				ALWAYS_SEARCH_USER_PATHS = NO;
				CLANG_ANALYZER_NONNULL = YES;
				CLANG_ANALYZER_NUMBER_OBJECT_CONVERSION = YES_AGGRESSIVE;
				CLANG_CXX_LANGUAGE_STANDARD = "gnu++14";
				CLANG_CXX_LIBRARY = "libc++";
				CLANG_ENABLE_MODULES = YES;
				CLANG_ENABLE_OBJC_ARC = YES;
				CLANG_ENABLE_OBJC_WEAK = YES;
				CLANG_WARN_BLOCK_CAPTURE_AUTORELEASING = YES;
				CLANG_WARN_BOOL_CONVERSION = YES;
				CLANG_WARN_COMMA = YES;
				CLANG_WARN_CONSTANT_CONVERSION = YES;
				CLANG_WARN_DEPRECATED_OBJC_IMPLEMENTATIONS = YES;
				CLANG_WARN_DIRECT_OBJC_ISA_USAGE = YES_ERROR;
				CLANG_WARN_DOCUMENTATION_COMMENTS = YES;
				CLANG_WARN_EMPTY_BODY = YES;
				CLANG_WARN_ENUM_CONVERSION = YES;
				CLANG_WARN_INFINITE_RECURSION = YES;
				CLANG_WARN_INT_CONVERSION = YES;
				CLANG_WARN_NON_LITERAL_NULL_CONVERSION = YES;
				CLANG_WARN_OBJC_IMPLICIT_RETAIN_SELF = YES;
				CLANG_WARN_OBJC_LITERAL_CONVERSION = YES;
				CLANG_WARN_OBJC_ROOT_CLASS = YES_ERROR;
				CLANG_WARN_RANGE_LOOP_ANALYSIS = YES;
				CLANG_WARN_STRICT_PROTOTYPES = YES;
				CLANG_WARN_SUSPICIOUS_MOVE = YES;
				CLANG_WARN_UNGUARDED_AVAILABILITY = YES_AGGRESSIVE;
				CLANG_WARN_UNREACHABLE_CODE = YES;
				CLANG_WARN__DUPLICATE_METHOD_MATCH = YES;
				CODE_SIGN_IDENTITY = "iPhone Developer";
				COPY_PHASE_STRIP = NO;
				DEBUG_INFORMATION_FORMAT = "dwarf-with-dsym";
				ENABLE_NS_ASSERTIONS = NO;
				ENABLE_STRICT_OBJC_MSGSEND = YES;
				GCC_C_LANGUAGE_STANDARD = gnu11;
				GCC_NO_COMMON_BLOCKS = YES;
				GCC_WARN_64_TO_32_BIT_CONVERSION = YES;
				GCC_WARN_ABOUT_RETURN_TYPE = YES_ERROR;
				GCC_WARN_UNDECLARED_SELECTOR = YES;
				GCC_WARN_UNINITIALIZED_AUTOS = YES_AGGRESSIVE;
				GCC_WARN_UNUSED_FUNCTION = YES;
				GCC_WARN_UNUSED_VARIABLE = YES;
				IPHONEOS_DEPLOYMENT_TARGET = 12.2;
				MTL_ENABLE_DEBUG_INFO = NO;
				MTL_FAST_MATH = YES;
				SDKROOT = iphoneos;
				SWIFT_COMPILATION_MODE = wholemodule;
				SWIFT_OPTIMIZATION_LEVEL = "-O";
				VALIDATE_PRODUCT = YES;
			};
			name = Release;
		};
		030CD559230D103A00DA90BA /* Debug */ = {
			isa = XCBuildConfiguration;
			buildSettings = {
				ASSETCATALOG_COMPILER_APPICON_NAME = AppIcon;
				CODE_SIGN_STYLE = Automatic;
				INFOPLIST_FILE = MemoryManagementPractice/Info.plist;
				LD_RUNPATH_SEARCH_PATHS = (
					"$(inherited)",
					"@executable_path/Frameworks",
				);
				PRODUCT_BUNDLE_IDENTIFIER = com.mycompany.MemoryManagementPractice;
				PRODUCT_NAME = "$(TARGET_NAME)";
				SWIFT_VERSION = 5.0;
				TARGETED_DEVICE_FAMILY = "1,2";
			};
			name = Debug;
		};
		030CD55A230D103A00DA90BA /* Release */ = {
			isa = XCBuildConfiguration;
			buildSettings = {
				ASSETCATALOG_COMPILER_APPICON_NAME = AppIcon;
				CODE_SIGN_STYLE = Automatic;
				INFOPLIST_FILE = MemoryManagementPractice/Info.plist;
				LD_RUNPATH_SEARCH_PATHS = (
					"$(inherited)",
					"@executable_path/Frameworks",
				);
				PRODUCT_BUNDLE_IDENTIFIER = com.mycompany.MemoryManagementPractice;
				PRODUCT_NAME = "$(TARGET_NAME)";
				SWIFT_VERSION = 5.0;
				TARGETED_DEVICE_FAMILY = "1,2";
			};
			name = Release;
		};
/* End XCBuildConfiguration section */

/* Begin XCConfigurationList section */
		030CD541230D103900DA90BA /* Build configuration list for PBXProject "MemoryManagementPractice" */ = {
			isa = XCConfigurationList;
			buildConfigurations = (
				030CD556230D103A00DA90BA /* Debug */,
				030CD557230D103A00DA90BA /* Release */,
			);
			defaultConfigurationIsVisible = 0;
			defaultConfigurationName = Release;
		};
		030CD558230D103A00DA90BA /* Build configuration list for PBXNativeTarget "MemoryManagementPractice" */ = {
			isa = XCConfigurationList;
			buildConfigurations = (
				030CD559230D103A00DA90BA /* Debug */,
				030CD55A230D103A00DA90BA /* Release */,
			);
			defaultConfigurationIsVisible = 0;
			defaultConfigurationName = Release;
		};
/* End XCConfigurationList section */
	};
	rootObject = 030CD53E230D103900DA90BA /* Project object */;
}
